
Microsoft Visual Studio Solution File, Format Version 12.00
# Visual Studio Version 17
VisualStudioVersion = 17.3.32922.545
MinimumVisualStudioVersion = 10.0.40219.1
Project("{FAE04EC0-301F-11D3-BF4B-00C04F79EFBC}") = "P6_3_1214085", "P6_3_1214085\P6_3_1214085.csproj", "{77582857-5907-4951-9A37-A12C88A1BEDE}"
EndProject
Global
	GlobalSection(SolutionConfigurationPlatforms) = preSolution
		Debug|Any CPU = Debug|Any CPU
		Release|Any CPU = Release|Any CPU
	EndGlobalSection
	GlobalSection(ProjectConfigurationPlatforms) = postSolution
		{77582857-5907-4951-9A37-A12C88A1BEDE}.Debug|Any CPU.ActiveCfg = Debug|Any CPU
		{77582857-5907-4951-9A37-A12C88A1BEDE}.Debug|Any CPU.Build.0 = Debug|Any CPU
		{77582857-5907-4951-9A37-A12C88A1BEDE}.Release|Any CPU.ActiveCfg = Release|Any CPU
		{77582857-5907-4951-9A37-A12C88A1BEDE}.Release|Any CPU.Build.0 = Release|Any CPU
	EndGlobalSection
	GlobalSection(SolutionProperties) = preSolution
		HideSolutionNode = FALSE
	EndGlobalSection
	GlobalSection(ExtensibilityGlobals) = postSolution
		SolutionGuid = {1385F8AC-9F24-47B5-B1AD-117AEE5039D7}
	EndGlobalSection
EndGlobal
